
Microsoft Visual Studio Solution File, Format Version 12.00
# Visual Studio Version 17
VisualStudioVersion = 17.4.33213.308
MinimumVisualStudioVersion = 10.0.40219.1
Project("{FAE04EC0-301F-11D3-BF4B-00C04F79EFBC}") = "Lab3", "Lab3\Lab3.csproj", "{1D3D0EED-1E5C-4334-8080-D7B2769D8569}"
EndProject
Global
	GlobalSection(SolutionConfigurationPlatforms) = preSolution
		Debug|Any CPU = Debug|Any CPU
		Release|Any CPU = Release|Any CPU
	EndGlobalSection
	GlobalSection(ProjectConfigurationPlatforms) = postSolution
		{1D3D0EED-1E5C-4334-8080-D7B2769D8569}.Debug|Any CPU.ActiveCfg = Debug|Any CPU
		{1D3D0EED-1E5C-4334-8080-D7B2769D8569}.Debug|Any CPU.Build.0 = Debug|Any CPU
		{1D3D0EED-1E5C-4334-8080-D7B2769D8569}.Release|Any CPU.ActiveCfg = Release|Any CPU
		{1D3D0EED-1E5C-4334-8080-D7B2769D8569}.Release|Any CPU.Build.0 = Release|Any CPU
	EndGlobalSection
	GlobalSection(SolutionProperties) = preSolution
		HideSolutionNode = FALSE
	EndGlobalSection
	GlobalSection(ExtensibilityGlobals) = postSolution
		SolutionGuid = {1B176F4E-5184-4F4D-877C-143E14E6D44E}
	EndGlobalSection
EndGlobal
